
Microsoft Visual Studio Solution File, Format Version 12.00
# Visual Studio Version 17
VisualStudioVersion = 17.11.35327.3
MinimumVisualStudioVersion = 10.0.40219.1
Project("{8BC9CEB8-8B4A-11D0-8D11-00A0C91BC942}") = "arrayPractice", "arrayPractice.vcxproj", "{903D76C8-2240-4A1A-903D-B0CEB7342210}"
EndProject
Global
	GlobalSection(SolutionConfigurationPlatforms) = preSolution
		Debug|x64 = Debug|x64
		Debug|x86 = Debug|x86
		Release|x64 = Release|x64
		Release|x86 = Release|x86
	EndGlobalSection
	GlobalSection(ProjectConfigurationPlatforms) = postSolution
		{903D76C8-2240-4A1A-903D-B0CEB7342210}.Debug|x64.ActiveCfg = Debug|x64
		{903D76C8-2240-4A1A-903D-B0CEB7342210}.Debug|x64.Build.0 = Debug|x64
		{903D76C8-2240-4A1A-903D-B0CEB7342210}.Debug|x86.ActiveCfg = Debug|Win32
		{903D76C8-2240-4A1A-903D-B0CEB7342210}.Debug|x86.Build.0 = Debug|Win32
		{903D76C8-2240-4A1A-903D-B0CEB7342210}.Release|x64.ActiveCfg = Release|x64
		{903D76C8-2240-4A1A-903D-B0CEB7342210}.Release|x64.Build.0 = Release|x64
		{903D76C8-2240-4A1A-903D-B0CEB7342210}.Release|x86.ActiveCfg = Release|Win32
		{903D76C8-2240-4A1A-903D-B0CEB7342210}.Release|x86.Build.0 = Release|Win32
	EndGlobalSection
	GlobalSection(SolutionProperties) = preSolution
		HideSolutionNode = FALSE
	EndGlobalSection
	GlobalSection(ExtensibilityGlobals) = postSolution
		SolutionGuid = {768BC2D8-07DE-41EB-9363-55339F4E43ED}
	EndGlobalSection
EndGlobal
